// !$*UTF8*$!
{
	archiveVersion = 1;
	classes = {
	};
	objectVersion = 56;
	objects = {

/* Begin PBXBuildFile section */
		0BB6BEEF2B68DC4100D93950 /* AppDelegate.swift in Sources */ = {isa = PBXBuildFile; fileRef = 0BB6BEEE2B68DC4100D93950 /* AppDelegate.swift */; };
		0BB6BEF12B68DC4100D93950 /* SceneDelegate.swift in Sources */ = {isa = PBXBuildFile; fileRef = 0BB6BEF02B68DC4100D93950 /* SceneDelegate.swift */; };
		0BB6BEF82B68DC4300D93950 /* Assets.xcassets in Resources */ = {isa = PBXBuildFile; fileRef = 0BB6BEF72B68DC4300D93950 /* Assets.xcassets */; };
		0BB6BEFB2B68DC4300D93950 /* LaunchScreen.storyboard in Resources */ = {isa = PBXBuildFile; fileRef = 0BB6BEF92B68DC4300D93950 /* LaunchScreen.storyboard */; };
		0BB6BF032B68DC5100D93950 /* .gitignore in Resources */ = {isa = PBXBuildFile; fileRef = 0BB6BF022B68DC5100D93950 /* .gitignore */; };
		0BB6BF062B68DC6600D93950 /* APIKeys.swift in Sources */ = {isa = PBXBuildFile; fileRef = 0BB6BF052B68DC6600D93950 /* APIKeys.swift */; };
		0BB6BF082B68DC7400D93950 /* PublicAPIKeys.swift in Sources */ = {isa = PBXBuildFile; fileRef = 0BB6BF072B68DC7400D93950 /* PublicAPIKeys.swift */; };
		0BB6BF0B2B68DD4400D93950 /* TMDBManager.swift in Sources */ = {isa = PBXBuildFile; fileRef = 0BB6BF0A2B68DD4400D93950 /* TMDBManager.swift */; };
		0BB6BF0E2B68DE1E00D93950 /* Kingfisher in Frameworks */ = {isa = PBXBuildFile; productRef = 0BB6BF0D2B68DE1E00D93950 /* Kingfisher */; };
		0BB6BF112B68DE2700D93950 /* Alamofire in Frameworks */ = {isa = PBXBuildFile; productRef = 0BB6BF102B68DE2700D93950 /* Alamofire */; };
		0BB6BF142B68DE2E00D93950 /* SnapKit in Frameworks */ = {isa = PBXBuildFile; productRef = 0BB6BF132B68DE2E00D93950 /* SnapKit */; };
		0BB6BF162B68DE2E00D93950 /* SnapKit-Dynamic in Frameworks */ = {isa = PBXBuildFile; productRef = 0BB6BF152B68DE2E00D93950 /* SnapKit-Dynamic */; };
		0BB6BF192B68DE3600D93950 /* Toast in Frameworks */ = {isa = PBXBuildFile; productRef = 0BB6BF182B68DE3600D93950 /* Toast */; };
		0BB6BF1E2B68DF5B00D93950 /* MainViewController.swift in Sources */ = {isa = PBXBuildFile; fileRef = 0BB6BF1D2B68DF5B00D93950 /* MainViewController.swift */; };
		0BB6BF212B68DFD700D93950 /* ConfigureProtocol.swift in Sources */ = {isa = PBXBuildFile; fileRef = 0BB6BF202B68DFD700D93950 /* ConfigureProtocol.swift */; };
		0BB6BF232B68DFEF00D93950 /* IdentifierProtocolk.swift in Sources */ = {isa = PBXBuildFile; fileRef = 0BB6BF222B68DFEF00D93950 /* IdentifierProtocolk.swift */; };
		0BB6BF262B68E14600D93950 /* TVTableViewCell.swift in Sources */ = {isa = PBXBuildFile; fileRef = 0BB6BF252B68E14600D93950 /* TVTableViewCell.swift */; };
		0BB6BF2D2B6919D700D93950 /* TVCollectionViewCell.swift in Sources */ = {isa = PBXBuildFile; fileRef = 0BB6BF2C2B6919D700D93950 /* TVCollectionViewCell.swift */; };
		0BB6BF302B692AC400D93950 /* TVAPI.swift in Sources */ = {isa = PBXBuildFile; fileRef = 0BB6BF2F2B692AC400D93950 /* TVAPI.swift */; };
		0BB6BF3B2B6A1D9600D93950 /* SearchViewController.swift in Sources */ = {isa = PBXBuildFile; fileRef = 0BB6BF3A2B6A1D9600D93950 /* SearchViewController.swift */; };
		0BB6BF3D2B6A1DBE00D93950 /* BaseViewController.swift in Sources */ = {isa = PBXBuildFile; fileRef = 0BB6BF3C2B6A1DBE00D93950 /* BaseViewController.swift */; };
		0BB6BF422B6A20EF00D93950 /* SearchTableViewCell.swift in Sources */ = {isa = PBXBuildFile; fileRef = 0BB6BF412B6A20EF00D93950 /* SearchTableViewCell.swift */; };
		0BB6BF442B6A20F800D93950 /* BaseTableViewCell.swift in Sources */ = {isa = PBXBuildFile; fileRef = 0BB6BF432B6A20F800D93950 /* BaseTableViewCell.swift */; };
		0BB6BF482B6A2DF000D93950 /* LegacyDetailViewController.swift in Sources */ = {isa = PBXBuildFile; fileRef = 0BB6BF472B6A2DF000D93950 /* LegacyDetailViewController.swift */; };
		0BB6BF6E2B6BB1FB00D93950 /* TMDBAPI.swift in Sources */ = {isa = PBXBuildFile; fileRef = 0BB6BF6D2B6BB1FB00D93950 /* TMDBAPI.swift */; };
		0BB6BF712B6BB2EA00D93950 /* BaseUIView.swift in Sources */ = {isa = PBXBuildFile; fileRef = 0BB6BF702B6BB2EA00D93950 /* BaseUIView.swift */; };
		0BB6BF752B6BB3D200D93950 /* HomeViewController.swift in Sources */ = {isa = PBXBuildFile; fileRef = 0BB6BF742B6BB3D200D93950 /* HomeViewController.swift */; };
		0BB6BF792B6BB59B00D93950 /* HomeView.swift in Sources */ = {isa = PBXBuildFile; fileRef = 0BB6BF782B6BB59B00D93950 /* HomeView.swift */; };
		0BB6BF812B6BC41700D93950 /* BaseCollectionViewCell.swift in Sources */ = {isa = PBXBuildFile; fileRef = 0BB6BF802B6BC41600D93950 /* BaseCollectionViewCell.swift */; };
		0BB6BF842B6BC45000D93950 /* PosterCollectionViewCell.swift in Sources */ = {isa = PBXBuildFile; fileRef = 0BB6BF832B6BC45000D93950 /* PosterCollectionViewCell.swift */; };
		0BB6BF8B2B6BD79000D93950 /* RecommandingView.swift in Sources */ = {isa = PBXBuildFile; fileRef = 0BB6BF8A2B6BD79000D93950 /* RecommandingView.swift */; };
		0BB6BF8D2B6BDD0400D93950 /* SearchTableView.swift in Sources */ = {isa = PBXBuildFile; fileRef = 0BB6BF8C2B6BDD0400D93950 /* SearchTableView.swift */; };
		0BB6BF902B6BDEE600D93950 /* SearchingCell.swift in Sources */ = {isa = PBXBuildFile; fileRef = 0BB6BF8F2B6BDEE600D93950 /* SearchingCell.swift */; };
		0BB6BF942B6BE6CC00D93950 /* WebView.swift in Sources */ = {isa = PBXBuildFile; fileRef = 0BB6BF932B6BE6CC00D93950 /* WebView.swift */; };
		0BB6BF982B6BE80100D93950 /* WebViewController.swift in Sources */ = {isa = PBXBuildFile; fileRef = 0BB6BF972B6BE80100D93950 /* WebViewController.swift */; };
		0BB6BFA02B6CDD3B00D93950 /* UIViewController+Extension.swift in Sources */ = {isa = PBXBuildFile; fileRef = 0BB6BF9F2B6CDD3B00D93950 /* UIViewController+Extension.swift */; };
		0BB6BFA42B6CDE0A00D93950 /* DetailViewController.swift in Sources */ = {isa = PBXBuildFile; fileRef = 0BB6BFA32B6CDE0A00D93950 /* DetailViewController.swift */; };
		0BB6BFA62B6CDE2F00D93950 /* DetailView.swift in Sources */ = {isa = PBXBuildFile; fileRef = 0BB6BFA52B6CDE2F00D93950 /* DetailView.swift */; };
		0BB6BFAC2B6D029400D93950 /* MaskedImageView.swift in Sources */ = {isa = PBXBuildFile; fileRef = 0BB6BFAB2B6D029400D93950 /* MaskedImageView.swift */; };
		0BB6BFAE2B6D035700D93950 /* UIView+Extension.swift in Sources */ = {isa = PBXBuildFile; fileRef = 0BB6BFAD2B6D035700D93950 /* UIView+Extension.swift */; };
		0BB6BFB12B6E7D4A00D93950 /* Poster.swift in Sources */ = {isa = PBXBuildFile; fileRef = 0BB6BFB02B6E7D4A00D93950 /* Poster.swift */; };
		0BB6C03D2B724DCB00D93950 /* Person.swift in Sources */ = {isa = PBXBuildFile; fileRef = 0BB6C03C2B724DCB00D93950 /* Person.swift */; };
/* End PBXBuildFile section */

/* Begin PBXFileReference section */
		0BB6BEEB2B68DC4100D93950 /* Media Project.app */ = {isa = PBXFileReference; explicitFileType = wrapper.application; includeInIndex = 0; path = "Media Project.app"; sourceTree = BUILT_PRODUCTS_DIR; };
		0BB6BEEE2B68DC4100D93950 /* AppDelegate.swift */ = {isa = PBXFileReference; lastKnownFileType = sourcecode.swift; path = AppDelegate.swift; sourceTree = "<group>"; };
		0BB6BEF02B68DC4100D93950 /* SceneDelegate.swift */ = {isa = PBXFileReference; lastKnownFileType = sourcecode.swift; path = SceneDelegate.swift; sourceTree = "<group>"; };
		0BB6BEF72B68DC4300D93950 /* Assets.xcassets */ = {isa = PBXFileReference; lastKnownFileType = folder.assetcatalog; path = Assets.xcassets; sourceTree = "<group>"; };
		0BB6BEFA2B68DC4300D93950 /* Base */ = {isa = PBXFileReference; lastKnownFileType = file.storyboard; name = Base; path = Base.lproj/LaunchScreen.storyboard; sourceTree = "<group>"; };
		0BB6BEFC2B68DC4300D93950 /* Info.plist */ = {isa = PBXFileReference; lastKnownFileType = text.plist.xml; path = Info.plist; sourceTree = "<group>"; };
		0BB6BF022B68DC5100D93950 /* .gitignore */ = {isa = PBXFileReference; lastKnownFileType = text; path = .gitignore; sourceTree = "<group>"; };
		0BB6BF052B68DC6600D93950 /* APIKeys.swift */ = {isa = PBXFileReference; lastKnownFileType = sourcecode.swift; path = APIKeys.swift; sourceTree = "<group>"; };
		0BB6BF072B68DC7400D93950 /* PublicAPIKeys.swift */ = {isa = PBXFileReference; lastKnownFileType = sourcecode.swift; path = PublicAPIKeys.swift; sourceTree = "<group>"; };
		0BB6BF0A2B68DD4400D93950 /* TMDBManager.swift */ = {isa = PBXFileReference; lastKnownFileType = sourcecode.swift; path = TMDBManager.swift; sourceTree = "<group>"; };
		0BB6BF1D2B68DF5B00D93950 /* MainViewController.swift */ = {isa = PBXFileReference; lastKnownFileType = sourcecode.swift; path = MainViewController.swift; sourceTree = "<group>"; };
		0BB6BF202B68DFD700D93950 /* ConfigureProtocol.swift */ = {isa = PBXFileReference; lastKnownFileType = sourcecode.swift; path = ConfigureProtocol.swift; sourceTree = "<group>"; };
		0BB6BF222B68DFEF00D93950 /* IdentifierProtocolk.swift */ = {isa = PBXFileReference; lastKnownFileType = sourcecode.swift; path = IdentifierProtocolk.swift; sourceTree = "<group>"; };
		0BB6BF252B68E14600D93950 /* TVTableViewCell.swift */ = {isa = PBXFileReference; lastKnownFileType = sourcecode.swift; path = TVTableViewCell.swift; sourceTree = "<group>"; };
		0BB6BF2C2B6919D700D93950 /* TVCollectionViewCell.swift */ = {isa = PBXFileReference; lastKnownFileType = sourcecode.swift; path = TVCollectionViewCell.swift; sourceTree = "<group>"; };
		0BB6BF2F2B692AC400D93950 /* TVAPI.swift */ = {isa = PBXFileReference; lastKnownFileType = sourcecode.swift; path = TVAPI.swift; sourceTree = "<group>"; };
		0BB6BF3A2B6A1D9600D93950 /* SearchViewController.swift */ = {isa = PBXFileReference; lastKnownFileType = sourcecode.swift; path = SearchViewController.swift; sourceTree = "<group>"; };
		0BB6BF3C2B6A1DBE00D93950 /* BaseViewController.swift */ = {isa = PBXFileReference; lastKnownFileType = sourcecode.swift; path = BaseViewController.swift; sourceTree = "<group>"; };
		0BB6BF412B6A20EF00D93950 /* SearchTableViewCell.swift */ = {isa = PBXFileReference; lastKnownFileType = sourcecode.swift; path = SearchTableViewCell.swift; sourceTree = "<group>"; };
		0BB6BF432B6A20F800D93950 /* BaseTableViewCell.swift */ = {isa = PBXFileReference; lastKnownFileType = sourcecode.swift; path = BaseTableViewCell.swift; sourceTree = "<group>"; };
		0BB6BF472B6A2DF000D93950 /* LegacyDetailViewController.swift */ = {isa = PBXFileReference; lastKnownFileType = sourcecode.swift; path = LegacyDetailViewController.swift; sourceTree = "<group>"; };
		0BB6BF6D2B6BB1FB00D93950 /* TMDBAPI.swift */ = {isa = PBXFileReference; lastKnownFileType = sourcecode.swift; path = TMDBAPI.swift; sourceTree = "<group>"; };
		0BB6BF702B6BB2EA00D93950 /* BaseUIView.swift */ = {isa = PBXFileReference; lastKnownFileType = sourcecode.swift; path = BaseUIView.swift; sourceTree = "<group>"; };
		0BB6BF742B6BB3D200D93950 /* HomeViewController.swift */ = {isa = PBXFileReference; lastKnownFileType = sourcecode.swift; path = HomeViewController.swift; sourceTree = "<group>"; };
		0BB6BF782B6BB59B00D93950 /* HomeView.swift */ = {isa = PBXFileReference; lastKnownFileType = sourcecode.swift; path = HomeView.swift; sourceTree = "<group>"; };
		0BB6BF802B6BC41600D93950 /* BaseCollectionViewCell.swift */ = {isa = PBXFileReference; lastKnownFileType = sourcecode.swift; path = BaseCollectionViewCell.swift; sourceTree = "<group>"; };
		0BB6BF832B6BC45000D93950 /* PosterCollectionViewCell.swift */ = {isa = PBXFileReference; lastKnownFileType = sourcecode.swift; path = PosterCollectionViewCell.swift; sourceTree = "<group>"; };
		0BB6BF8A2B6BD79000D93950 /* RecommandingView.swift */ = {isa = PBXFileReference; lastKnownFileType = sourcecode.swift; path = RecommandingView.swift; sourceTree = "<group>"; };
		0BB6BF8C2B6BDD0400D93950 /* SearchTableView.swift */ = {isa = PBXFileReference; lastKnownFileType = sourcecode.swift; path = SearchTableView.swift; sourceTree = "<group>"; };
		0BB6BF8F2B6BDEE600D93950 /* SearchingCell.swift */ = {isa = PBXFileReference; lastKnownFileType = sourcecode.swift; path = SearchingCell.swift; sourceTree = "<group>"; };
		0BB6BF932B6BE6CC00D93950 /* WebView.swift */ = {isa = PBXFileReference; lastKnownFileType = sourcecode.swift; path = WebView.swift; sourceTree = "<group>"; };
		0BB6BF972B6BE80100D93950 /* WebViewController.swift */ = {isa = PBXFileReference; lastKnownFileType = sourcecode.swift; path = WebViewController.swift; sourceTree = "<group>"; };
		0BB6BF9F2B6CDD3B00D93950 /* UIViewController+Extension.swift */ = {isa = PBXFileReference; lastKnownFileType = sourcecode.swift; path = "UIViewController+Extension.swift"; sourceTree = "<group>"; };
		0BB6BFA32B6CDE0A00D93950 /* DetailViewController.swift */ = {isa = PBXFileReference; lastKnownFileType = sourcecode.swift; path = DetailViewController.swift; sourceTree = "<group>"; };
		0BB6BFA52B6CDE2F00D93950 /* DetailView.swift */ = {isa = PBXFileReference; lastKnownFileType = sourcecode.swift; path = DetailView.swift; sourceTree = "<group>"; };
		0BB6BFAB2B6D029400D93950 /* MaskedImageView.swift */ = {isa = PBXFileReference; fileEncoding = 4; lastKnownFileType = sourcecode.swift; path = MaskedImageView.swift; sourceTree = "<group>"; };
		0BB6BFAD2B6D035700D93950 /* UIView+Extension.swift */ = {isa = PBXFileReference; lastKnownFileType = sourcecode.swift; path = "UIView+Extension.swift"; sourceTree = "<group>"; };
		0BB6BFB02B6E7D4A00D93950 /* Poster.swift */ = {isa = PBXFileReference; lastKnownFileType = sourcecode.swift; path = Poster.swift; sourceTree = "<group>"; };
		0BB6C03C2B724DCB00D93950 /* Person.swift */ = {isa = PBXFileReference; lastKnownFileType = sourcecode.swift; path = Person.swift; sourceTree = "<group>"; };
/* End PBXFileReference section */

/* Begin PBXFrameworksBuildPhase section */
		0BB6BEE82B68DC4100D93950 /* Frameworks */ = {
			isa = PBXFrameworksBuildPhase;
			buildActionMask = 2147483647;
			files = (
				0BB6BF142B68DE2E00D93950 /* SnapKit in Frameworks */,
				0BB6BF0E2B68DE1E00D93950 /* Kingfisher in Frameworks */,
				0BB6BF112B68DE2700D93950 /* Alamofire in Frameworks */,
				0BB6BF192B68DE3600D93950 /* Toast in Frameworks */,
				0BB6BF162B68DE2E00D93950 /* SnapKit-Dynamic in Frameworks */,
			);
			runOnlyForDeploymentPostprocessing = 0;
		};
/* End PBXFrameworksBuildPhase section */

/* Begin PBXGroup section */
		0BB6BEE22B68DC4100D93950 = {
			isa = PBXGroup;
			children = (
				0BB6BF022B68DC5100D93950 /* .gitignore */,
				0BB6BEED2B68DC4100D93950 /* Media Project */,
				0BB6BEEC2B68DC4100D93950 /* Products */,
			);
			sourceTree = "<group>";
		};
		0BB6BEEC2B68DC4100D93950 /* Products */ = {
			isa = PBXGroup;
			children = (
				0BB6BEEB2B68DC4100D93950 /* Media Project.app */,
			);
			name = Products;
			sourceTree = "<group>";
		};
		0BB6BEED2B68DC4100D93950 /* Media Project */ = {
			isa = PBXGroup;
			children = (
				0BB6BF6F2B6BB2C900D93950 /* Legacy */,
				0BB6BF862B6BC6CC00D93950 /* Extension */,
				0BB6BF2E2B692A7000D93950 /* Model */,
				0BB6BF1F2B68DFC900D93950 /* Protocol */,
				0BB6BF042B68DC5B00D93950 /* APIKey */,
				0BB6BF092B68DD1900D93950 /* TMDBManager */,
				0BB6BF1A2B68DF0300D93950 /* View */,
				0BB6BEEE2B68DC4100D93950 /* AppDelegate.swift */,
				0BB6BEF02B68DC4100D93950 /* SceneDelegate.swift */,
				0BB6BEF72B68DC4300D93950 /* Assets.xcassets */,
				0BB6BEF92B68DC4300D93950 /* LaunchScreen.storyboard */,
				0BB6BEFC2B68DC4300D93950 /* Info.plist */,
			);
			path = "Media Project";
			sourceTree = "<group>";
		};
		0BB6BF042B68DC5B00D93950 /* APIKey */ = {
			isa = PBXGroup;
			children = (
				0BB6BF052B68DC6600D93950 /* APIKeys.swift */,
				0BB6BF072B68DC7400D93950 /* PublicAPIKeys.swift */,
			);
			path = APIKey;
			sourceTree = "<group>";
		};
		0BB6BF092B68DD1900D93950 /* TMDBManager */ = {
			isa = PBXGroup;
			children = (
				0BB6BF0A2B68DD4400D93950 /* TMDBManager.swift */,
				0BB6BF6D2B6BB1FB00D93950 /* TMDBAPI.swift */,
			);
			path = TMDBManager;
			sourceTree = "<group>";
		};
		0BB6BF1A2B68DF0300D93950 /* View */ = {
			isa = PBXGroup;
			children = (
				0BB6BF722B6BB33300D93950 /* HomeView */,
				0BB6BF912B6BE65700D93950 /* DetailView */,
				0BB6BF922B6BE6B500D93950 /* WebView */,
				0BB6BFA72B6CF7B800D93950 /* Components */,
			);
			path = View;
			sourceTree = "<group>";
		};
		0BB6BF1B2B68DF0600D93950 /* ViewController */ = {
			isa = PBXGroup;
			children = (
				0BB6BF1D2B68DF5B00D93950 /* MainViewController.swift */,
			);
			path = ViewController;
			sourceTree = "<group>";
		};
		0BB6BF1C2B68DF0F00D93950 /* Main */ = {
			isa = PBXGroup;
			children = (
				0BB6BF242B68E12100D93950 /* Cell */,
				0BB6BF1B2B68DF0600D93950 /* ViewController */,
			);
			path = Main;
			sourceTree = "<group>";
		};
		0BB6BF1F2B68DFC900D93950 /* Protocol */ = {
			isa = PBXGroup;
			children = (
				0BB6BF202B68DFD700D93950 /* ConfigureProtocol.swift */,
				0BB6BF222B68DFEF00D93950 /* IdentifierProtocolk.swift */,
			);
			path = Protocol;
			sourceTree = "<group>";
		};
		0BB6BF242B68E12100D93950 /* Cell */ = {
			isa = PBXGroup;
			children = (
				0BB6BF252B68E14600D93950 /* TVTableViewCell.swift */,
				0BB6BF2C2B6919D700D93950 /* TVCollectionViewCell.swift */,
			);
			path = Cell;
			sourceTree = "<group>";
		};
		0BB6BF2E2B692A7000D93950 /* Model */ = {
			isa = PBXGroup;
			children = (
				0BB6BF2F2B692AC400D93950 /* TVAPI.swift */,
				0BB6BFB02B6E7D4A00D93950 /* Poster.swift */,
				0BB6C03C2B724DCB00D93950 /* Person.swift */,
			);
			path = Model;
			sourceTree = "<group>";
		};
		0BB6BF392B6A1D8700D93950 /* Search */ = {
			isa = PBXGroup;
			children = (
				0BB6BF402B6A20E000D93950 /* Cell */,
				0BB6BF3F2B6A20D900D93950 /* ViewController */,
			);
			path = Search;
			sourceTree = "<group>";
		};
		0BB6BF3E2B6A1DC300D93950 /* Base */ = {
			isa = PBXGroup;
			children = (
				0BB6BF3C2B6A1DBE00D93950 /* BaseViewController.swift */,
				0BB6BF432B6A20F800D93950 /* BaseTableViewCell.swift */,
				0BB6BF702B6BB2EA00D93950 /* BaseUIView.swift */,
				0BB6BF802B6BC41600D93950 /* BaseCollectionViewCell.swift */,
			);
			path = Base;
			sourceTree = "<group>";
		};
		0BB6BF3F2B6A20D900D93950 /* ViewController */ = {
			isa = PBXGroup;
			children = (
				0BB6BF3A2B6A1D9600D93950 /* SearchViewController.swift */,
			);
			path = ViewController;
			sourceTree = "<group>";
		};
		0BB6BF402B6A20E000D93950 /* Cell */ = {
			isa = PBXGroup;
			children = (
				0BB6BF412B6A20EF00D93950 /* SearchTableViewCell.swift */,
			);
			path = Cell;
			sourceTree = "<group>";
		};
		0BB6BF452B6A2DB000D93950 /* Detail */ = {
			isa = PBXGroup;
			children = (
				0BB6BF4A2B6A2DF800D93950 /* Cell */,
				0BB6BF492B6A2DF200D93950 /* ViewController */,
			);
			path = Detail;
			sourceTree = "<group>";
		};
		0BB6BF492B6A2DF200D93950 /* ViewController */ = {
			isa = PBXGroup;
			children = (
				0BB6BF472B6A2DF000D93950 /* LegacyDetailViewController.swift */,
			);
			path = ViewController;
			sourceTree = "<group>";
		};
		0BB6BF4A2B6A2DF800D93950 /* Cell */ = {
			isa = PBXGroup;
			children = (
			);
			path = Cell;
			sourceTree = "<group>";
		};
		0BB6BF6F2B6BB2C900D93950 /* Legacy */ = {
			isa = PBXGroup;
			children = (
				0BB6BF452B6A2DB000D93950 /* Detail */,
				0BB6BF392B6A1D8700D93950 /* Search */,
				0BB6BF1C2B68DF0F00D93950 /* Main */,
			);
			path = Legacy;
			sourceTree = "<group>";
		};
		0BB6BF722B6BB33300D93950 /* HomeView */ = {
			isa = PBXGroup;
			children = (
				0BB6BF762B6BB56900D93950 /* View */,
				0BB6BF732B6BB3C100D93950 /* ViewController */,
			);
			path = HomeView;
			sourceTree = "<group>";
		};
		0BB6BF732B6BB3C100D93950 /* ViewController */ = {
			isa = PBXGroup;
			children = (
				0BB6BF742B6BB3D200D93950 /* HomeViewController.swift */,
			);
			path = ViewController;
			sourceTree = "<group>";
		};
		0BB6BF762B6BB56900D93950 /* View */ = {
			isa = PBXGroup;
			children = (
				0BB6BF892B6BD77D00D93950 /* RecommandingView */,
				0BB6BF7D2B6BC17A00D93950 /* SearchIngView */,
				0BB6BF772B6BB58500D93950 /* HomeView */,
			);
			path = View;
			sourceTree = "<group>";
		};
		0BB6BF772B6BB58500D93950 /* HomeView */ = {
			isa = PBXGroup;
			children = (
				0BB6BF782B6BB59B00D93950 /* HomeView.swift */,
			);
			path = HomeView;
			sourceTree = "<group>";
		};
		0BB6BF7D2B6BC17A00D93950 /* SearchIngView */ = {
			isa = PBXGroup;
			children = (
				0BB6BF8C2B6BDD0400D93950 /* SearchTableView.swift */,
			);
			path = SearchIngView;
			sourceTree = "<group>";
		};
		0BB6BF7E2B6BC3E400D93950 /* Cell */ = {
			isa = PBXGroup;
			children = (
				0BB6BF8E2B6BDED600D93950 /* Search */,
				0BB6BF822B6BC44000D93950 /* Poster */,
			);
			path = Cell;
			sourceTree = "<group>";
		};
		0BB6BF822B6BC44000D93950 /* Poster */ = {
			isa = PBXGroup;
			children = (
				0BB6BF832B6BC45000D93950 /* PosterCollectionViewCell.swift */,
			);
			path = Poster;
			sourceTree = "<group>";
		};
		0BB6BF862B6BC6CC00D93950 /* Extension */ = {
			isa = PBXGroup;
			children = (
				0BB6BF9F2B6CDD3B00D93950 /* UIViewController+Extension.swift */,
				0BB6BFAD2B6D035700D93950 /* UIView+Extension.swift */,
			);
			path = Extension;
			sourceTree = "<group>";
		};
		0BB6BF892B6BD77D00D93950 /* RecommandingView */ = {
			isa = PBXGroup;
			children = (
				0BB6BF8A2B6BD79000D93950 /* RecommandingView.swift */,
			);
			path = RecommandingView;
			sourceTree = "<group>";
		};
		0BB6BF8E2B6BDED600D93950 /* Search */ = {
			isa = PBXGroup;
			children = (
				0BB6BF8F2B6BDEE600D93950 /* SearchingCell.swift */,
			);
			path = Search;
			sourceTree = "<group>";
		};
		0BB6BF912B6BE65700D93950 /* DetailView */ = {
			isa = PBXGroup;
			children = (
				0BB6BFA22B6CDDFE00D93950 /* View */,
				0BB6BFA12B6CDDF800D93950 /* ViewController */,
			);
			path = DetailView;
			sourceTree = "<group>";
		};
		0BB6BF922B6BE6B500D93950 /* WebView */ = {
			isa = PBXGroup;
			children = (
				0BB6BF962B6BE7EB00D93950 /* ViewController */,
				0BB6BF952B6BE7E400D93950 /* View */,
				0BB6BF932B6BE6CC00D93950 /* WebView.swift */,
			);
			path = WebView;
			sourceTree = "<group>";
		};
		0BB6BF952B6BE7E400D93950 /* View */ = {
			isa = PBXGroup;
			children = (
			);
			path = View;
			sourceTree = "<group>";
		};
		0BB6BF962B6BE7EB00D93950 /* ViewController */ = {
			isa = PBXGroup;
			children = (
				0BB6BF972B6BE80100D93950 /* WebViewController.swift */,
			);
			path = ViewController;
			sourceTree = "<group>";
		};
		0BB6BFA12B6CDDF800D93950 /* ViewController */ = {
			isa = PBXGroup;
			children = (
				0BB6BFA32B6CDE0A00D93950 /* DetailViewController.swift */,
			);
			path = ViewController;
			sourceTree = "<group>";
		};
		0BB6BFA22B6CDDFE00D93950 /* View */ = {
			isa = PBXGroup;
			children = (
				0BB6BFA52B6CDE2F00D93950 /* DetailView.swift */,
			);
			path = View;
			sourceTree = "<group>";
		};
		0BB6BFA72B6CF7B800D93950 /* Components */ = {
			isa = PBXGroup;
			children = (
				0BB6BFA82B6CFD6D00D93950 /* CustomView */,
				0BB6BF3E2B6A1DC300D93950 /* Base */,
				0BB6BF7E2B6BC3E400D93950 /* Cell */,
			);
			path = Components;
			sourceTree = "<group>";
		};
		0BB6BFA82B6CFD6D00D93950 /* CustomView */ = {
			isa = PBXGroup;
			children = (
				0BB6BFAB2B6D029400D93950 /* MaskedImageView.swift */,
			);
			path = CustomView;
			sourceTree = "<group>";
		};
/* End PBXGroup section */

/* Begin PBXNativeTarget section */
		0BB6BEEA2B68DC4100D93950 /* Media Project */ = {
			isa = PBXNativeTarget;
			buildConfigurationList = 0BB6BEFF2B68DC4300D93950 /* Build configuration list for PBXNativeTarget "Media Project" */;
			buildPhases = (
				0BB6BEE72B68DC4100D93950 /* Sources */,
				0BB6BEE82B68DC4100D93950 /* Frameworks */,
				0BB6BEE92B68DC4100D93950 /* Resources */,
			);
			buildRules = (
			);
			dependencies = (
			);
			name = "Media Project";
			packageProductDependencies = (
				0BB6BF0D2B68DE1E00D93950 /* Kingfisher */,
				0BB6BF102B68DE2700D93950 /* Alamofire */,
				0BB6BF132B68DE2E00D93950 /* SnapKit */,
				0BB6BF152B68DE2E00D93950 /* SnapKit-Dynamic */,
				0BB6BF182B68DE3600D93950 /* Toast */,
			);
			productName = "Media Project";
			productReference = 0BB6BEEB2B68DC4100D93950 /* Media Project.app */;
			productType = "com.apple.product-type.application";
		};
/* End PBXNativeTarget section */

/* Begin PBXProject section */
		0BB6BEE32B68DC4100D93950 /* Project object */ = {
			isa = PBXProject;
			attributes = {
				BuildIndependentTargetsInParallel = 1;
				LastSwiftUpdateCheck = 1520;
				LastUpgradeCheck = 1520;
				TargetAttributes = {
					0BB6BEEA2B68DC4100D93950 = {
						CreatedOnToolsVersion = 15.2;
					};
				};
			};
			buildConfigurationList = 0BB6BEE62B68DC4100D93950 /* Build configuration list for PBXProject "Media Project" */;
			compatibilityVersion = "Xcode 14.0";
			developmentRegion = en;
			hasScannedForEncodings = 0;
			knownRegions = (
				en,
				Base,
			);
			mainGroup = 0BB6BEE22B68DC4100D93950;
			packageReferences = (
				0BB6BF0C2B68DE1E00D93950 /* XCRemoteSwiftPackageReference "Kingfisher" */,
				0BB6BF0F2B68DE2700D93950 /* XCRemoteSwiftPackageReference "Alamofire" */,
				0BB6BF122B68DE2E00D93950 /* XCRemoteSwiftPackageReference "SnapKit" */,
				0BB6BF172B68DE3600D93950 /* XCRemoteSwiftPackageReference "Toast-Swift" */,
			);
			productRefGroup = 0BB6BEEC2B68DC4100D93950 /* Products */;
			projectDirPath = "";
			projectRoot = "";
			targets = (
				0BB6BEEA2B68DC4100D93950 /* Media Project */,
			);
		};
/* End PBXProject section */

/* Begin PBXResourcesBuildPhase section */
		0BB6BEE92B68DC4100D93950 /* Resources */ = {
			isa = PBXResourcesBuildPhase;
			buildActionMask = 2147483647;
			files = (
				0BB6BF032B68DC5100D93950 /* .gitignore in Resources */,
				0BB6BEFB2B68DC4300D93950 /* LaunchScreen.storyboard in Resources */,
				0BB6BEF82B68DC4300D93950 /* Assets.xcassets in Resources */,
			);
			runOnlyForDeploymentPostprocessing = 0;
		};
/* End PBXResourcesBuildPhase section */

/* Begin PBXSourcesBuildPhase section */
		0BB6BEE72B68DC4100D93950 /* Sources */ = {
			isa = PBXSourcesBuildPhase;
			buildActionMask = 2147483647;
			files = (
				0BB6BF3D2B6A1DBE00D93950 /* BaseViewController.swift in Sources */,
				0BB6BF982B6BE80100D93950 /* WebViewController.swift in Sources */,
				0BB6BEEF2B68DC4100D93950 /* AppDelegate.swift in Sources */,
				0BB6BF752B6BB3D200D93950 /* HomeViewController.swift in Sources */,
				0BB6BFA02B6CDD3B00D93950 /* UIViewController+Extension.swift in Sources */,
				0BB6BF6E2B6BB1FB00D93950 /* TMDBAPI.swift in Sources */,
				0BB6BF262B68E14600D93950 /* TVTableViewCell.swift in Sources */,
				0BB6BF8B2B6BD79000D93950 /* RecommandingView.swift in Sources */,
				0BB6BF302B692AC400D93950 /* TVAPI.swift in Sources */,
				0BB6BFA42B6CDE0A00D93950 /* DetailViewController.swift in Sources */,
				0BB6BF062B68DC6600D93950 /* APIKeys.swift in Sources */,
				0BB6BEF12B68DC4100D93950 /* SceneDelegate.swift in Sources */,
				0BB6BF812B6BC41700D93950 /* BaseCollectionViewCell.swift in Sources */,
				0BB6BFA62B6CDE2F00D93950 /* DetailView.swift in Sources */,
				0BB6C03D2B724DCB00D93950 /* Person.swift in Sources */,
				0BB6BF2D2B6919D700D93950 /* TVCollectionViewCell.swift in Sources */,
				0BB6BF842B6BC45000D93950 /* PosterCollectionViewCell.swift in Sources */,
				0BB6BF482B6A2DF000D93950 /* LegacyDetailViewController.swift in Sources */,
				0BB6BFAC2B6D029400D93950 /* MaskedImageView.swift in Sources */,
				0BB6BFAE2B6D035700D93950 /* UIView+Extension.swift in Sources */,
				0BB6BF8D2B6BDD0400D93950 /* SearchTableView.swift in Sources */,
				0BB6BF3B2B6A1D9600D93950 /* SearchViewController.swift in Sources */,
				0BB6BF942B6BE6CC00D93950 /* WebView.swift in Sources */,
				0BB6BF1E2B68DF5B00D93950 /* MainViewController.swift in Sources */,
				0BB6BF442B6A20F800D93950 /* BaseTableViewCell.swift in Sources */,
				0BB6BF902B6BDEE600D93950 /* SearchingCell.swift in Sources */,
				0BB6BF792B6BB59B00D93950 /* HomeView.swift in Sources */,
				0BB6BF232B68DFEF00D93950 /* IdentifierProtocolk.swift in Sources */,
				0BB6BF0B2B68DD4400D93950 /* TMDBManager.swift in Sources */,
				0BB6BF082B68DC7400D93950 /* PublicAPIKeys.swift in Sources */,
				0BB6BF212B68DFD700D93950 /* ConfigureProtocol.swift in Sources */,
				0BB6BF422B6A20EF00D93950 /* SearchTableViewCell.swift in Sources */,
				0BB6BF712B6BB2EA00D93950 /* BaseUIView.swift in Sources */,
				0BB6BFB12B6E7D4A00D93950 /* Poster.swift in Sources */,
			);
			runOnlyForDeploymentPostprocessing = 0;
		};
/* End PBXSourcesBuildPhase section */

/* Begin PBXVariantGroup section */
		0BB6BEF92B68DC4300D93950 /* LaunchScreen.storyboard */ = {
			isa = PBXVariantGroup;
			children = (
				0BB6BEFA2B68DC4300D93950 /* Base */,
			);
			name = LaunchScreen.storyboard;
			sourceTree = "<group>";
		};
/* End PBXVariantGroup section */

/* Begin XCBuildConfiguration section */
		0BB6BEFD2B68DC4300D93950 /* Debug */ = {
			isa = XCBuildConfiguration;
			buildSettings = {
				ALWAYS_SEARCH_USER_PATHS = NO;
				ASSETCATALOG_COMPILER_GENERATE_SWIFT_ASSET_SYMBOL_EXTENSIONS = YES;
				CLANG_ANALYZER_NONNULL = YES;
				CLANG_ANALYZER_NUMBER_OBJECT_CONVERSION = YES_AGGRESSIVE;
				CLANG_CXX_LANGUAGE_STANDARD = "gnu++20";
				CLANG_ENABLE_MODULES = YES;
				CLANG_ENABLE_OBJC_ARC = YES;
				CLANG_ENABLE_OBJC_WEAK = YES;
				CLANG_WARN_BLOCK_CAPTURE_AUTORELEASING = YES;
				CLANG_WARN_BOOL_CONVERSION = YES;
				CLANG_WARN_COMMA = YES;
				CLANG_WARN_CONSTANT_CONVERSION = YES;
				CLANG_WARN_DEPRECATED_OBJC_IMPLEMENTATIONS = YES;
				CLANG_WARN_DIRECT_OBJC_ISA_USAGE = YES_ERROR;
				CLANG_WARN_DOCUMENTATION_COMMENTS = YES;
				CLANG_WARN_EMPTY_BODY = YES;
				CLANG_WARN_ENUM_CONVERSION = YES;
				CLANG_WARN_INFINITE_RECURSION = YES;
				CLANG_WARN_INT_CONVERSION = YES;
				CLANG_WARN_NON_LITERAL_NULL_CONVERSION = YES;
				CLANG_WARN_OBJC_IMPLICIT_RETAIN_SELF = YES;
				CLANG_WARN_OBJC_LITERAL_CONVERSION = YES;
				CLANG_WARN_OBJC_ROOT_CLASS = YES_ERROR;
				CLANG_WARN_QUOTED_INCLUDE_IN_FRAMEWORK_HEADER = YES;
				CLANG_WARN_RANGE_LOOP_ANALYSIS = YES;
				CLANG_WARN_STRICT_PROTOTYPES = YES;
				CLANG_WARN_SUSPICIOUS_MOVE = YES;
				CLANG_WARN_UNGUARDED_AVAILABILITY = YES_AGGRESSIVE;
				CLANG_WARN_UNREACHABLE_CODE = YES;
				CLANG_WARN__DUPLICATE_METHOD_MATCH = YES;
				COPY_PHASE_STRIP = NO;
				DEBUG_INFORMATION_FORMAT = dwarf;
				ENABLE_STRICT_OBJC_MSGSEND = YES;
				ENABLE_TESTABILITY = YES;
				ENABLE_USER_SCRIPT_SANDBOXING = YES;
				GCC_C_LANGUAGE_STANDARD = gnu17;
				GCC_DYNAMIC_NO_PIC = NO;
				GCC_NO_COMMON_BLOCKS = YES;
				GCC_OPTIMIZATION_LEVEL = 0;
				GCC_PREPROCESSOR_DEFINITIONS = (
					"DEBUG=1",
					"$(inherited)",
				);
				GCC_WARN_64_TO_32_BIT_CONVERSION = YES;
				GCC_WARN_ABOUT_RETURN_TYPE = YES_ERROR;
				GCC_WARN_UNDECLARED_SELECTOR = YES;
				GCC_WARN_UNINITIALIZED_AUTOS = YES_AGGRESSIVE;
				GCC_WARN_UNUSED_FUNCTION = YES;
				GCC_WARN_UNUSED_VARIABLE = YES;
				IPHONEOS_DEPLOYMENT_TARGET = 17.2;
				LOCALIZATION_PREFERS_STRING_CATALOGS = YES;
				MTL_ENABLE_DEBUG_INFO = INCLUDE_SOURCE;
				MTL_FAST_MATH = YES;
				ONLY_ACTIVE_ARCH = YES;
				SDKROOT = iphoneos;
				SWIFT_ACTIVE_COMPILATION_CONDITIONS = "DEBUG $(inherited)";
				SWIFT_OPTIMIZATION_LEVEL = "-Onone";
			};
			name = Debug;
		};
		0BB6BEFE2B68DC4300D93950 /* Release */ = {
			isa = XCBuildConfiguration;
			buildSettings = {
				ALWAYS_SEARCH_USER_PATHS = NO;
				ASSETCATALOG_COMPILER_GENERATE_SWIFT_ASSET_SYMBOL_EXTENSIONS = YES;
				CLANG_ANALYZER_NONNULL = YES;
				CLANG_ANALYZER_NUMBER_OBJECT_CONVERSION = YES_AGGRESSIVE;
				CLANG_CXX_LANGUAGE_STANDARD = "gnu++20";
				CLANG_ENABLE_MODULES = YES;
				CLANG_ENABLE_OBJC_ARC = YES;
				CLANG_ENABLE_OBJC_WEAK = YES;
				CLANG_WARN_BLOCK_CAPTURE_AUTORELEASING = YES;
				CLANG_WARN_BOOL_CONVERSION = YES;
				CLANG_WARN_COMMA = YES;
				CLANG_WARN_CONSTANT_CONVERSION = YES;
				CLANG_WARN_DEPRECATED_OBJC_IMPLEMENTATIONS = YES;
				CLANG_WARN_DIRECT_OBJC_ISA_USAGE = YES_ERROR;
				CLANG_WARN_DOCUMENTATION_COMMENTS = YES;
				CLANG_WARN_EMPTY_BODY = YES;
				CLANG_WARN_ENUM_CONVERSION = YES;
				CLANG_WARN_INFINITE_RECURSION = YES;
				CLANG_WARN_INT_CONVERSION = YES;
				CLANG_WARN_NON_LITERAL_NULL_CONVERSION = YES;
				CLANG_WARN_OBJC_IMPLICIT_RETAIN_SELF = YES;
				CLANG_WARN_OBJC_LITERAL_CONVERSION = YES;
				CLANG_WARN_OBJC_ROOT_CLASS = YES_ERROR;
				CLANG_WARN_QUOTED_INCLUDE_IN_FRAMEWORK_HEADER = YES;
				CLANG_WARN_RANGE_LOOP_ANALYSIS = YES;
				CLANG_WARN_STRICT_PROTOTYPES = YES;
				CLANG_WARN_SUSPICIOUS_MOVE = YES;
				CLANG_WARN_UNGUARDED_AVAILABILITY = YES_AGGRESSIVE;
				CLANG_WARN_UNREACHABLE_CODE = YES;
				CLANG_WARN__DUPLICATE_METHOD_MATCH = YES;
				COPY_PHASE_STRIP = NO;
				DEBUG_INFORMATION_FORMAT = "dwarf-with-dsym";
				ENABLE_NS_ASSERTIONS = NO;
				ENABLE_STRICT_OBJC_MSGSEND = YES;
				ENABLE_USER_SCRIPT_SANDBOXING = YES;
				GCC_C_LANGUAGE_STANDARD = gnu17;
				GCC_NO_COMMON_BLOCKS = YES;
				GCC_WARN_64_TO_32_BIT_CONVERSION = YES;
				GCC_WARN_ABOUT_RETURN_TYPE = YES_ERROR;
				GCC_WARN_UNDECLARED_SELECTOR = YES;
				GCC_WARN_UNINITIALIZED_AUTOS = YES_AGGRESSIVE;
				GCC_WARN_UNUSED_FUNCTION = YES;
				GCC_WARN_UNUSED_VARIABLE = YES;
				IPHONEOS_DEPLOYMENT_TARGET = 17.2;
				LOCALIZATION_PREFERS_STRING_CATALOGS = YES;
				MTL_ENABLE_DEBUG_INFO = NO;
				MTL_FAST_MATH = YES;
				SDKROOT = iphoneos;
				SWIFT_COMPILATION_MODE = wholemodule;
				VALIDATE_PRODUCT = YES;
			};
			name = Release;
		};
		0BB6BF002B68DC4300D93950 /* Debug */ = {
			isa = XCBuildConfiguration;
			buildSettings = {
				ASSETCATALOG_COMPILER_APPICON_NAME = AppIcon;
				ASSETCATALOG_COMPILER_GLOBAL_ACCENT_COLOR_NAME = AccentColor;
				CODE_SIGN_STYLE = Automatic;
				CURRENT_PROJECT_VERSION = 1;
				DEVELOPMENT_TEAM = Y7F2ZW9QG3;
				GENERATE_INFOPLIST_FILE = YES;
				INFOPLIST_FILE = "Media Project/Info.plist";
				INFOPLIST_KEY_UIApplicationSupportsIndirectInputEvents = YES;
				INFOPLIST_KEY_UILaunchStoryboardName = LaunchScreen;
				INFOPLIST_KEY_UISupportedInterfaceOrientations_iPad = "UIInterfaceOrientationPortrait UIInterfaceOrientationPortraitUpsideDown UIInterfaceOrientationLandscapeLeft UIInterfaceOrientationLandscapeRight";
				INFOPLIST_KEY_UISupportedInterfaceOrientations_iPhone = "UIInterfaceOrientationPortrait UIInterfaceOrientationLandscapeLeft UIInterfaceOrientationLandscapeRight";
				LD_RUNPATH_SEARCH_PATHS = (
					"$(inherited)",
					"@executable_path/Frameworks",
				);
				MARKETING_VERSION = 1.0;
				PRODUCT_BUNDLE_IDENTIFIER = "Yoo.Media-Project";
				PRODUCT_NAME = "$(TARGET_NAME)";
				SWIFT_EMIT_LOC_STRINGS = YES;
				SWIFT_VERSION = 5.0;
				TARGETED_DEVICE_FAMILY = "1,2";
			};
			name = Debug;
		};
		0BB6BF012B68DC4300D93950 /* Release */ = {
			isa = XCBuildConfiguration;
			buildSettings = {
				ASSETCATALOG_COMPILER_APPICON_NAME = AppIcon;
				ASSETCATALOG_COMPILER_GLOBAL_ACCENT_COLOR_NAME = AccentColor;
				CODE_SIGN_STYLE = Automatic;
				CURRENT_PROJECT_VERSION = 1;
				DEVELOPMENT_TEAM = Y7F2ZW9QG3;
				GENERATE_INFOPLIST_FILE = YES;
				INFOPLIST_FILE = "Media Project/Info.plist";
				INFOPLIST_KEY_UIApplicationSupportsIndirectInputEvents = YES;
				INFOPLIST_KEY_UILaunchStoryboardName = LaunchScreen;
				INFOPLIST_KEY_UISupportedInterfaceOrientations_iPad = "UIInterfaceOrientationPortrait UIInterfaceOrientationPortraitUpsideDown UIInterfaceOrientationLandscapeLeft UIInterfaceOrientationLandscapeRight";
				INFOPLIST_KEY_UISupportedInterfaceOrientations_iPhone = "UIInterfaceOrientationPortrait UIInterfaceOrientationLandscapeLeft UIInterfaceOrientationLandscapeRight";
				LD_RUNPATH_SEARCH_PATHS = (
					"$(inherited)",
					"@executable_path/Frameworks",
				);
				MARKETING_VERSION = 1.0;
				PRODUCT_BUNDLE_IDENTIFIER = "Yoo.Media-Project";
				PRODUCT_NAME = "$(TARGET_NAME)";
				SWIFT_EMIT_LOC_STRINGS = YES;
				SWIFT_VERSION = 5.0;
				TARGETED_DEVICE_FAMILY = "1,2";
			};
			name = Release;
		};
/* End XCBuildConfiguration section */

/* Begin XCConfigurationList section */
		0BB6BEE62B68DC4100D93950 /* Build configuration list for PBXProject "Media Project" */ = {
			isa = XCConfigurationList;
			buildConfigurations = (
				0BB6BEFD2B68DC4300D93950 /* Debug */,
				0BB6BEFE2B68DC4300D93950 /* Release */,
			);
			defaultConfigurationIsVisible = 0;
			defaultConfigurationName = Release;
		};
		0BB6BEFF2B68DC4300D93950 /* Build configuration list for PBXNativeTarget "Media Project" */ = {
			isa = XCConfigurationList;
			buildConfigurations = (
				0BB6BF002B68DC4300D93950 /* Debug */,
				0BB6BF012B68DC4300D93950 /* Release */,
			);
			defaultConfigurationIsVisible = 0;
			defaultConfigurationName = Release;
		};
/* End XCConfigurationList section */

/* Begin XCRemoteSwiftPackageReference section */
		0BB6BF0C2B68DE1E00D93950 /* XCRemoteSwiftPackageReference "Kingfisher" */ = {
			isa = XCRemoteSwiftPackageReference;
			repositoryURL = "https://github.com/onevcat/Kingfisher.git";
			requirement = {
				kind = upToNextMajorVersion;
				minimumVersion = 7.10.2;
			};
		};
		0BB6BF0F2B68DE2700D93950 /* XCRemoteSwiftPackageReference "Alamofire" */ = {
			isa = XCRemoteSwiftPackageReference;
			repositoryURL = "https://github.com/Alamofire/Alamofire";
			requirement = {
				kind = upToNextMajorVersion;
				minimumVersion = 5.8.1;
			};
		};
		0BB6BF122B68DE2E00D93950 /* XCRemoteSwiftPackageReference "SnapKit" */ = {
			isa = XCRemoteSwiftPackageReference;
			repositoryURL = "https://github.com/SnapKit/SnapKit.git";
			requirement = {
				kind = upToNextMajorVersion;
				minimumVersion = 5.7.0;
			};
		};
		0BB6BF172B68DE3600D93950 /* XCRemoteSwiftPackageReference "Toast-Swift" */ = {
			isa = XCRemoteSwiftPackageReference;
			repositoryURL = "https://github.com/scalessec/Toast-Swift.git";
			requirement = {
				kind = upToNextMajorVersion;
				minimumVersion = 5.1.0;
			};
		};
/* End XCRemoteSwiftPackageReference section */

/* Begin XCSwiftPackageProductDependency section */
		0BB6BF0D2B68DE1E00D93950 /* Kingfisher */ = {
			isa = XCSwiftPackageProductDependency;
			package = 0BB6BF0C2B68DE1E00D93950 /* XCRemoteSwiftPackageReference "Kingfisher" */;
			productName = Kingfisher;
		};
		0BB6BF102B68DE2700D93950 /* Alamofire */ = {
			isa = XCSwiftPackageProductDependency;
			package = 0BB6BF0F2B68DE2700D93950 /* XCRemoteSwiftPackageReference "Alamofire" */;
			productName = Alamofire;
		};
		0BB6BF132B68DE2E00D93950 /* SnapKit */ = {
			isa = XCSwiftPackageProductDependency;
			package = 0BB6BF122B68DE2E00D93950 /* XCRemoteSwiftPackageReference "SnapKit" */;
			productName = SnapKit;
		};
		0BB6BF152B68DE2E00D93950 /* SnapKit-Dynamic */ = {
			isa = XCSwiftPackageProductDependency;
			package = 0BB6BF122B68DE2E00D93950 /* XCRemoteSwiftPackageReference "SnapKit" */;
			productName = "SnapKit-Dynamic";
		};
		0BB6BF182B68DE3600D93950 /* Toast */ = {
			isa = XCSwiftPackageProductDependency;
			package = 0BB6BF172B68DE3600D93950 /* XCRemoteSwiftPackageReference "Toast-Swift" */;
			productName = Toast;
		};
/* End XCSwiftPackageProductDependency section */
	};
	rootObject = 0BB6BEE32B68DC4100D93950 /* Project object */;
}
